
Microsoft Visual Studio Solution File, Format Version 12.00
# Visual Studio 15
VisualStudioVersion = 15.0.28307.168
MinimumVisualStudioVersion = 10.0.40219.1
Project("{8BC9CEB8-8B4A-11D0-8D11-00A0C91BC942}") = "ISPC Texture Compressor", "ISPC Texture Compressor\ISPC Texture Compressor.vcxproj", "{DF4FB1EF-CAD7-450B-A418-B4CA3099CFE5}"
	ProjectSection(ProjectDependencies) = postProject
		{85344B7F-5AA0-4E12-A065-D1333D11F6CA} = {85344B7F-5AA0-4E12-A065-D1333D11F6CA}
		{371B9FA9-4C90-4AC6-A123-ACED756D6C77} = {371B9FA9-4C90-4AC6-A123-ACED756D6C77}
		{9B44F7B9-A9AF-45A4-8695-96792A18B052} = {9B44F7B9-A9AF-45A4-8695-96792A18B052}
		{61B333C2-C4F7-4CC1-A9BF-83F6D95588EB} = {61B333C2-C4F7-4CC1-A9BF-83F6D95588EB}
	EndProjectSection
EndProject
Project("{8BC9CEB8-8B4A-11D0-8D11-00A0C91BC942}") = "DXUT", "DXUT\Core\DXUT_2017_Win10.vcxproj", "{85344B7F-5AA0-4E12-A065-D1333D11F6CA}"
EndProject
Project("{8BC9CEB8-8B4A-11D0-8D11-00A0C91BC942}") = "DXUTOpt", "DXUT\Optional\DXUTOpt_2017_Win10.vcxproj", "{61B333C2-C4F7-4CC1-A9BF-83F6D95588EB}"
EndProject
Project("{8BC9CEB8-8B4A-11D0-8D11-00A0C91BC942}") = "DirectXTex", "DirectXTex\DirectXTex\DirectXTex_Desktop_2017_Win10.vcxproj", "{371B9FA9-4C90-4AC6-A123-ACED756D6C77}"
EndProject
Project("{8BC9CEB8-8B4A-11D0-8D11-00A0C91BC942}") = "ispc_texcomp", "ispc_texcomp\ispc_texcomp.vcxproj", "{9B44F7B9-A9AF-45A4-8695-96792A18B052}"
EndProject
Global
	GlobalSection(SolutionConfigurationPlatforms) = preSolution
		Debug|x64 = Debug|x64
		Debug|x86 = Debug|x86
		Release|x64 = Release|x64
		Release|x86 = Release|x86
	EndGlobalSection
	GlobalSection(ProjectConfigurationPlatforms) = postSolution
		{DF4FB1EF-CAD7-450B-A418-B4CA3099CFE5}.Debug|x64.ActiveCfg = Debug|x64
		{DF4FB1EF-CAD7-450B-A418-B4CA3099CFE5}.Debug|x64.Build.0 = Debug|x64
		{DF4FB1EF-CAD7-450B-A418-B4CA3099CFE5}.Debug|x86.ActiveCfg = Debug|Win32
		{DF4FB1EF-CAD7-450B-A418-B4CA3099CFE5}.Debug|x86.Build.0 = Debug|Win32
		{DF4FB1EF-CAD7-450B-A418-B4CA3099CFE5}.Release|x64.ActiveCfg = Release|x64
		{DF4FB1EF-CAD7-450B-A418-B4CA3099CFE5}.Release|x64.Build.0 = Release|x64
		{DF4FB1EF-CAD7-450B-A418-B4CA3099CFE5}.Release|x86.ActiveCfg = Release|Win32
		{DF4FB1EF-CAD7-450B-A418-B4CA3099CFE5}.Release|x86.Build.0 = Release|Win32
		{85344B7F-5AA0-4E12-A065-D1333D11F6CA}.Debug|x64.ActiveCfg = Debug|x64
		{85344B7F-5AA0-4E12-A065-D1333D11F6CA}.Debug|x64.Build.0 = Debug|x64
		{85344B7F-5AA0-4E12-A065-D1333D11F6CA}.Debug|x86.ActiveCfg = Debug|Win32
		{85344B7F-5AA0-4E12-A065-D1333D11F6CA}.Debug|x86.Build.0 = Debug|Win32
		{85344B7F-5AA0-4E12-A065-D1333D11F6CA}.Release|x64.ActiveCfg = Release|x64
		{85344B7F-5AA0-4E12-A065-D1333D11F6CA}.Release|x64.Build.0 = Release|x64
		{85344B7F-5AA0-4E12-A065-D1333D11F6CA}.Release|x86.ActiveCfg = Release|Win32
		{85344B7F-5AA0-4E12-A065-D1333D11F6CA}.Release|x86.Build.0 = Release|Win32
		{61B333C2-C4F7-4CC1-A9BF-83F6D95588EB}.Debug|x64.ActiveCfg = Debug|x64
		{61B333C2-C4F7-4CC1-A9BF-83F6D95588EB}.Debug|x64.Build.0 = Debug|x64
		{61B333C2-C4F7-4CC1-A9BF-83F6D95588EB}.Debug|x86.ActiveCfg = Debug|Win32
		{61B333C2-C4F7-4CC1-A9BF-83F6D95588EB}.Debug|x86.Build.0 = Debug|Win32
		{61B333C2-C4F7-4CC1-A9BF-83F6D95588EB}.Release|x64.ActiveCfg = Release|x64
		{61B333C2-C4F7-4CC1-A9BF-83F6D95588EB}.Release|x64.Build.0 = Release|x64
		{61B333C2-C4F7-4CC1-A9BF-83F6D95588EB}.Release|x86.ActiveCfg = Release|Win32
		{61B333C2-C4F7-4CC1-A9BF-83F6D95588EB}.Release|x86.Build.0 = Release|Win32
		{371B9FA9-4C90-4AC6-A123-ACED756D6C77}.Debug|x64.ActiveCfg = Debug|x64
		{371B9FA9-4C90-4AC6-A123-ACED756D6C77}.Debug|x64.Build.0 = Debug|x64
		{371B9FA9-4C90-4AC6-A123-ACED756D6C77}.Debug|x86.ActiveCfg = Debug|Win32
		{371B9FA9-4C90-4AC6-A123-ACED756D6C77}.Debug|x86.Build.0 = Debug|Win32
		{371B9FA9-4C90-4AC6-A123-ACED756D6C77}.Release|x64.ActiveCfg = Release|x64
		{371B9FA9-4C90-4AC6-A123-ACED756D6C77}.Release|x64.Build.0 = Release|x64
		{371B9FA9-4C90-4AC6-A123-ACED756D6C77}.Release|x86.ActiveCfg = Release|Win32
		{371B9FA9-4C90-4AC6-A123-ACED756D6C77}.Release|x86.Build.0 = Release|Win32
		{9B44F7B9-A9AF-45A4-8695-96792A18B052}.Debug|x64.ActiveCfg = Debug|x64
		{9B44F7B9-A9AF-45A4-8695-96792A18B052}.Debug|x64.Build.0 = Debug|x64
		{9B44F7B9-A9AF-45A4-8695-96792A18B052}.Debug|x86.ActiveCfg = Debug|Win32
		{9B44F7B9-A9AF-45A4-8695-96792A18B052}.Debug|x86.Build.0 = Debug|Win32
		{9B44F7B9-A9AF-45A4-8695-96792A18B052}.Release|x64.ActiveCfg = Release|x64
		{9B44F7B9-A9AF-45A4-8695-96792A18B052}.Release|x64.Build.0 = Release|x64
		{9B44F7B9-A9AF-45A4-8695-96792A18B052}.Release|x86.ActiveCfg = Release|Win32
		{9B44F7B9-A9AF-45A4-8695-96792A18B052}.Release|x86.Build.0 = Release|Win32
	EndGlobalSection
	GlobalSection(SolutionProperties) = preSolution
		HideSolutionNode = FALSE
	EndGlobalSection
	GlobalSection(ExtensibilityGlobals) = postSolution
		SolutionGuid = {EDB3D3AB-78A6-4A06-9189-F514D99152AF}
	EndGlobalSection
EndGlobal
