
Microsoft Visual Studio Solution File, Format Version 12.00
# Visual Studio 2013
VisualStudioVersion = 12.0.30110.0
MinimumVisualStudioVersion = 10.0.40219.1
Project("{8BC9CEB8-8B4A-11D0-8D11-00A0C91BC942}") = "test_astc", "test_astc\test_astc.vcxproj", "{4DA870FD-72D8-4B2C-8E9B-9C5D512ED4F0}"
	ProjectSection(ProjectDependencies) = postProject
		{9B44F7B9-A9AF-45A4-8695-96792A18B052} = {9B44F7B9-A9AF-45A4-8695-96792A18B052}
	EndProjectSection
EndProject
Project("{8BC9CEB8-8B4A-11D0-8D11-00A0C91BC942}") = "ispc_texcomp", "ispc_texcomp\ispc_texcomp.vcxproj", "{9B44F7B9-A9AF-45A4-8695-96792A18B052}"
EndProject
Global
	GlobalSection(SolutionConfigurationPlatforms) = preSolution
		Debug|Win32 = Debug|Win32
		Debug|x64 = Debug|x64
		Release|Win32 = Release|Win32
		Release|x64 = Release|x64
	EndGlobalSection
	GlobalSection(ProjectConfigurationPlatforms) = postSolution
		{4DA870FD-72D8-4B2C-8E9B-9C5D512ED4F0}.Debug|Win32.ActiveCfg = Debug|Win32
		{4DA870FD-72D8-4B2C-8E9B-9C5D512ED4F0}.Debug|Win32.Build.0 = Debug|Win32
		{4DA870FD-72D8-4B2C-8E9B-9C5D512ED4F0}.Debug|x64.ActiveCfg = Debug|x64
		{4DA870FD-72D8-4B2C-8E9B-9C5D512ED4F0}.Debug|x64.Build.0 = Debug|x64
		{4DA870FD-72D8-4B2C-8E9B-9C5D512ED4F0}.Release|Win32.ActiveCfg = Release|Win32
		{4DA870FD-72D8-4B2C-8E9B-9C5D512ED4F0}.Release|Win32.Build.0 = Release|Win32
		{4DA870FD-72D8-4B2C-8E9B-9C5D512ED4F0}.Release|x64.ActiveCfg = Release|x64
		{4DA870FD-72D8-4B2C-8E9B-9C5D512ED4F0}.Release|x64.Build.0 = Release|x64
		{9B44F7B9-A9AF-45A4-8695-96792A18B052}.Debug|Win32.ActiveCfg = Debug|Win32
		{9B44F7B9-A9AF-45A4-8695-96792A18B052}.Debug|Win32.Build.0 = Debug|Win32
		{9B44F7B9-A9AF-45A4-8695-96792A18B052}.Debug|x64.ActiveCfg = Debug|x64
		{9B44F7B9-A9AF-45A4-8695-96792A18B052}.Debug|x64.Build.0 = Debug|x64
		{9B44F7B9-A9AF-45A4-8695-96792A18B052}.Release|Win32.ActiveCfg = Release|Win32
		{9B44F7B9-A9AF-45A4-8695-96792A18B052}.Release|Win32.Build.0 = Release|Win32
		{9B44F7B9-A9AF-45A4-8695-96792A18B052}.Release|x64.ActiveCfg = Release|x64
		{9B44F7B9-A9AF-45A4-8695-96792A18B052}.Release|x64.Build.0 = Release|x64
	EndGlobalSection
	GlobalSection(SolutionProperties) = preSolution
		HideSolutionNode = FALSE
	EndGlobalSection
EndGlobal
